// !$*UTF8*$!
{
	archiveVersion = 1;
	classes = {
	};
	objectVersion = 56;
	objects = {

/* Begin PBXBuildFile section */
		841278C62CB406D300C6296D /* AppDelegate.swift in Sources */ = {isa = PBXBuildFile; fileRef = 841278C52CB406D300C6296D /* AppDelegate.swift */; };
		841278C82CB406D300C6296D /* SceneDelegate.swift in Sources */ = {isa = PBXBuildFile; fileRef = 841278C72CB406D300C6296D /* SceneDelegate.swift */; };
		841278CD2CB406D300C6296D /* Base in Resources */ = {isa = PBXBuildFile; fileRef = 841278CC2CB406D300C6296D /* Base */; };
		841278CF2CB406D400C6296D /* Assets.xcassets in Resources */ = {isa = PBXBuildFile; fileRef = 841278CE2CB406D400C6296D /* Assets.xcassets */; };
		841278D22CB406D400C6296D /* Base in Resources */ = {isa = PBXBuildFile; fileRef = 841278D12CB406D400C6296D /* Base */; };
		841278DA2CB4084A00C6296D /* LoginFormController.swift in Sources */ = {isa = PBXBuildFile; fileRef = 841278D92CB4084A00C6296D /* LoginFormController.swift */; };
		841278DD2CB4304B00C6296D /* AllGroupesController.swift in Sources */ = {isa = PBXBuildFile; fileRef = 841278DC2CB4304B00C6296D /* AllGroupesController.swift */; };
		841278DF2CB4306B00C6296D /* AllGroupesCell.swift in Sources */ = {isa = PBXBuildFile; fileRef = 841278DE2CB4306B00C6296D /* AllGroupesCell.swift */; };
		841278E22CB4363F00C6296D /* MyGroupesController.swift in Sources */ = {isa = PBXBuildFile; fileRef = 841278E12CB4363F00C6296D /* MyGroupesController.swift */; };
		841278E42CB4365300C6296D /* MyGroupesCell.swift in Sources */ = {isa = PBXBuildFile; fileRef = 841278E32CB4365300C6296D /* MyGroupesCell.swift */; };
		841278E72CB4430100C6296D /* MyFriendsController.swift in Sources */ = {isa = PBXBuildFile; fileRef = 841278E62CB4430100C6296D /* MyFriendsController.swift */; };
		841278E92CB4431400C6296D /* MyFriendsCell.swift in Sources */ = {isa = PBXBuildFile; fileRef = 841278E82CB4431400C6296D /* MyFriendsCell.swift */; };
		9D3AE8D72CB50D3F002DBD80 /* FriendAvatarController.swift in Sources */ = {isa = PBXBuildFile; fileRef = 9D3AE8D62CB50D3F002DBD80 /* FriendAvatarController.swift */; };
		9D3AE8D92CB50D5A002DBD80 /* FriendAvatarCell.swift in Sources */ = {isa = PBXBuildFile; fileRef = 9D3AE8D82CB50D5A002DBD80 /* FriendAvatarCell.swift */; };
/* End PBXBuildFile section */

/* Begin PBXFileReference section */
		841278C22CB406D300C6296D /* VK.app */ = {isa = PBXFileReference; explicitFileType = wrapper.application; includeInIndex = 0; path = VK.app; sourceTree = BUILT_PRODUCTS_DIR; };
		841278C52CB406D300C6296D /* AppDelegate.swift */ = {isa = PBXFileReference; lastKnownFileType = sourcecode.swift; path = AppDelegate.swift; sourceTree = "<group>"; };
		841278C72CB406D300C6296D /* SceneDelegate.swift */ = {isa = PBXFileReference; lastKnownFileType = sourcecode.swift; path = SceneDelegate.swift; sourceTree = "<group>"; };
		841278CC2CB406D300C6296D /* Base */ = {isa = PBXFileReference; lastKnownFileType = file.storyboard; name = Base; path = Base.lproj/Main.storyboard; sourceTree = "<group>"; };
		841278CE2CB406D400C6296D /* Assets.xcassets */ = {isa = PBXFileReference; lastKnownFileType = folder.assetcatalog; path = Assets.xcassets; sourceTree = "<group>"; };
		841278D12CB406D400C6296D /* Base */ = {isa = PBXFileReference; lastKnownFileType = file.storyboard; name = Base; path = Base.lproj/LaunchScreen.storyboard; sourceTree = "<group>"; };
		841278D32CB406D400C6296D /* Info.plist */ = {isa = PBXFileReference; lastKnownFileType = text.plist.xml; path = Info.plist; sourceTree = "<group>"; };
		841278D92CB4084A00C6296D /* LoginFormController.swift */ = {isa = PBXFileReference; lastKnownFileType = sourcecode.swift; path = LoginFormController.swift; sourceTree = "<group>"; };
		841278DC2CB4304B00C6296D /* AllGroupesController.swift */ = {isa = PBXFileReference; lastKnownFileType = sourcecode.swift; path = AllGroupesController.swift; sourceTree = "<group>"; };
		841278DE2CB4306B00C6296D /* AllGroupesCell.swift */ = {isa = PBXFileReference; lastKnownFileType = sourcecode.swift; path = AllGroupesCell.swift; sourceTree = "<group>"; };
		841278E12CB4363F00C6296D /* MyGroupesController.swift */ = {isa = PBXFileReference; lastKnownFileType = sourcecode.swift; path = MyGroupesController.swift; sourceTree = "<group>"; };
		841278E32CB4365300C6296D /* MyGroupesCell.swift */ = {isa = PBXFileReference; lastKnownFileType = sourcecode.swift; path = MyGroupesCell.swift; sourceTree = "<group>"; };
		841278E62CB4430100C6296D /* MyFriendsController.swift */ = {isa = PBXFileReference; lastKnownFileType = sourcecode.swift; path = MyFriendsController.swift; sourceTree = "<group>"; };
		841278E82CB4431400C6296D /* MyFriendsCell.swift */ = {isa = PBXFileReference; lastKnownFileType = sourcecode.swift; path = MyFriendsCell.swift; sourceTree = "<group>"; };
		9D3AE8D62CB50D3F002DBD80 /* FriendAvatarController.swift */ = {isa = PBXFileReference; lastKnownFileType = sourcecode.swift; path = FriendAvatarController.swift; sourceTree = "<group>"; };
		9D3AE8D82CB50D5A002DBD80 /* FriendAvatarCell.swift */ = {isa = PBXFileReference; lastKnownFileType = sourcecode.swift; path = FriendAvatarCell.swift; sourceTree = "<group>"; };
/* End PBXFileReference section */

/* Begin PBXFrameworksBuildPhase section */
		841278BF2CB406D300C6296D /* Frameworks */ = {
			isa = PBXFrameworksBuildPhase;
			buildActionMask = 2147483647;
			files = (
			);
			runOnlyForDeploymentPostprocessing = 0;
		};
/* End PBXFrameworksBuildPhase section */

/* Begin PBXGroup section */
		841278B92CB406D300C6296D = {
			isa = PBXGroup;
			children = (
				841278C42CB406D300C6296D /* VK */,
				841278C32CB406D300C6296D /* Products */,
			);
			sourceTree = "<group>";
		};
		841278C32CB406D300C6296D /* Products */ = {
			isa = PBXGroup;
			children = (
				841278C22CB406D300C6296D /* VK.app */,
			);
			name = Products;
			sourceTree = "<group>";
		};
		841278C42CB406D300C6296D /* VK */ = {
			isa = PBXGroup;
			children = (
				9D3AE8D52CB50CCC002DBD80 /* FriendAvatar */,
				841278E52CB442DB00C6296D /* MyFriends */,
				841278E02CB4351800C6296D /* MyGroupes */,
				841278DB2CB42F7600C6296D /* AllGroupes */,
				841278C52CB406D300C6296D /* AppDelegate.swift */,
				841278C72CB406D300C6296D /* SceneDelegate.swift */,
				841278CB2CB406D300C6296D /* Main.storyboard */,
				841278CE2CB406D400C6296D /* Assets.xcassets */,
				841278D02CB406D400C6296D /* LaunchScreen.storyboard */,
				841278D32CB406D400C6296D /* Info.plist */,
				841278D92CB4084A00C6296D /* LoginFormController.swift */,
			);
			path = VK;
			sourceTree = "<group>";
		};
		841278DB2CB42F7600C6296D /* AllGroupes */ = {
			isa = PBXGroup;
			children = (
				841278DC2CB4304B00C6296D /* AllGroupesController.swift */,
				841278DE2CB4306B00C6296D /* AllGroupesCell.swift */,
			);
			path = AllGroupes;
			sourceTree = "<group>";
		};
		841278E02CB4351800C6296D /* MyGroupes */ = {
			isa = PBXGroup;
			children = (
				841278E12CB4363F00C6296D /* MyGroupesController.swift */,
				841278E32CB4365300C6296D /* MyGroupesCell.swift */,
			);
			path = MyGroupes;
			sourceTree = "<group>";
		};
		841278E52CB442DB00C6296D /* MyFriends */ = {
			isa = PBXGroup;
			children = (
				841278E62CB4430100C6296D /* MyFriendsController.swift */,
				841278E82CB4431400C6296D /* MyFriendsCell.swift */,
			);
			path = MyFriends;
			sourceTree = "<group>";
		};
		9D3AE8D52CB50CCC002DBD80 /* FriendAvatar */ = {
			isa = PBXGroup;
			children = (
				9D3AE8D62CB50D3F002DBD80 /* FriendAvatarController.swift */,
				9D3AE8D82CB50D5A002DBD80 /* FriendAvatarCell.swift */,
			);
			path = FriendAvatar;
			sourceTree = "<group>";
		};
/* End PBXGroup section */

/* Begin PBXNativeTarget section */
		841278C12CB406D300C6296D /* VK */ = {
			isa = PBXNativeTarget;
			buildConfigurationList = 841278D62CB406D400C6296D /* Build configuration list for PBXNativeTarget "VK" */;
			buildPhases = (
				841278BE2CB406D300C6296D /* Sources */,
				841278BF2CB406D300C6296D /* Frameworks */,
				841278C02CB406D300C6296D /* Resources */,
			);
			buildRules = (
			);
			dependencies = (
			);
			name = VK;
			productName = VK;
			productReference = 841278C22CB406D300C6296D /* VK.app */;
			productType = "com.apple.product-type.application";
		};
/* End PBXNativeTarget section */

/* Begin PBXProject section */
		841278BA2CB406D300C6296D /* Project object */ = {
			isa = PBXProject;
			attributes = {
				BuildIndependentTargetsInParallel = 1;
				LastSwiftUpdateCheck = 1540;
				LastUpgradeCheck = 1540;
				TargetAttributes = {
					841278C12CB406D300C6296D = {
						CreatedOnToolsVersion = 15.4;
					};
				};
			};
			buildConfigurationList = 841278BD2CB406D300C6296D /* Build configuration list for PBXProject "VK" */;
			compatibilityVersion = "Xcode 14.0";
			developmentRegion = en;
			hasScannedForEncodings = 0;
			knownRegions = (
				en,
				Base,
			);
			mainGroup = 841278B92CB406D300C6296D;
			productRefGroup = 841278C32CB406D300C6296D /* Products */;
			projectDirPath = "";
			projectRoot = "";
			targets = (
				841278C12CB406D300C6296D /* VK */,
			);
		};
/* End PBXProject section */

/* Begin PBXResourcesBuildPhase section */
		841278C02CB406D300C6296D /* Resources */ = {
			isa = PBXResourcesBuildPhase;
			buildActionMask = 2147483647;
			files = (
				841278CF2CB406D400C6296D /* Assets.xcassets in Resources */,
				841278D22CB406D400C6296D /* Base in Resources */,
				841278CD2CB406D300C6296D /* Base in Resources */,
			);
			runOnlyForDeploymentPostprocessing = 0;
		};
/* End PBXResourcesBuildPhase section */

/* Begin PBXSourcesBuildPhase section */
		841278BE2CB406D300C6296D /* Sources */ = {
			isa = PBXSourcesBuildPhase;
			buildActionMask = 2147483647;
			files = (
				841278DA2CB4084A00C6296D /* LoginFormController.swift in Sources */,
				841278E72CB4430100C6296D /* MyFriendsController.swift in Sources */,
				9D3AE8D92CB50D5A002DBD80 /* FriendAvatarCell.swift in Sources */,
				841278C62CB406D300C6296D /* AppDelegate.swift in Sources */,
				841278DF2CB4306B00C6296D /* AllGroupesCell.swift in Sources */,
				841278E92CB4431400C6296D /* MyFriendsCell.swift in Sources */,
				841278E42CB4365300C6296D /* MyGroupesCell.swift in Sources */,
				841278E22CB4363F00C6296D /* MyGroupesController.swift in Sources */,
				841278C82CB406D300C6296D /* SceneDelegate.swift in Sources */,
				9D3AE8D72CB50D3F002DBD80 /* FriendAvatarController.swift in Sources */,
				841278DD2CB4304B00C6296D /* AllGroupesController.swift in Sources */,
			);
			runOnlyForDeploymentPostprocessing = 0;
		};
/* End PBXSourcesBuildPhase section */

/* Begin PBXVariantGroup section */
		841278CB2CB406D300C6296D /* Main.storyboard */ = {
			isa = PBXVariantGroup;
			children = (
				841278CC2CB406D300C6296D /* Base */,
			);
			name = Main.storyboard;
			sourceTree = "<group>";
		};
		841278D02CB406D400C6296D /* LaunchScreen.storyboard */ = {
			isa = PBXVariantGroup;
			children = (
				841278D12CB406D400C6296D /* Base */,
			);
			name = LaunchScreen.storyboard;
			sourceTree = "<group>";
		};
/* End PBXVariantGroup section */

/* Begin XCBuildConfiguration section */
		841278D42CB406D400C6296D /* Debug */ = {
			isa = XCBuildConfiguration;
			buildSettings = {
				ALWAYS_SEARCH_USER_PATHS = NO;
				ASSETCATALOG_COMPILER_GENERATE_SWIFT_ASSET_SYMBOL_EXTENSIONS = YES;
				CLANG_ANALYZER_NONNULL = YES;
				CLANG_ANALYZER_NUMBER_OBJECT_CONVERSION = YES_AGGRESSIVE;
				CLANG_CXX_LANGUAGE_STANDARD = "gnu++20";
				CLANG_ENABLE_MODULES = YES;
				CLANG_ENABLE_OBJC_ARC = YES;
				CLANG_ENABLE_OBJC_WEAK = YES;
				CLANG_WARN_BLOCK_CAPTURE_AUTORELEASING = YES;
				CLANG_WARN_BOOL_CONVERSION = YES;
				CLANG_WARN_COMMA = YES;
				CLANG_WARN_CONSTANT_CONVERSION = YES;
				CLANG_WARN_DEPRECATED_OBJC_IMPLEMENTATIONS = YES;
				CLANG_WARN_DIRECT_OBJC_ISA_USAGE = YES_ERROR;
				CLANG_WARN_DOCUMENTATION_COMMENTS = YES;
				CLANG_WARN_EMPTY_BODY = YES;
				CLANG_WARN_ENUM_CONVERSION = YES;
				CLANG_WARN_INFINITE_RECURSION = YES;
				CLANG_WARN_INT_CONVERSION = YES;
				CLANG_WARN_NON_LITERAL_NULL_CONVERSION = YES;
				CLANG_WARN_OBJC_IMPLICIT_RETAIN_SELF = YES;
				CLANG_WARN_OBJC_LITERAL_CONVERSION = YES;
				CLANG_WARN_OBJC_ROOT_CLASS = YES_ERROR;
				CLANG_WARN_QUOTED_INCLUDE_IN_FRAMEWORK_HEADER = YES;
				CLANG_WARN_RANGE_LOOP_ANALYSIS = YES;
				CLANG_WARN_STRICT_PROTOTYPES = YES;
				CLANG_WARN_SUSPICIOUS_MOVE = YES;
				CLANG_WARN_UNGUARDED_AVAILABILITY = YES_AGGRESSIVE;
				CLANG_WARN_UNREACHABLE_CODE = YES;
				CLANG_WARN__DUPLICATE_METHOD_MATCH = YES;
				COPY_PHASE_STRIP = NO;
				DEBUG_INFORMATION_FORMAT = dwarf;
				ENABLE_STRICT_OBJC_MSGSEND = YES;
				ENABLE_TESTABILITY = YES;
				ENABLE_USER_SCRIPT_SANDBOXING = YES;
				GCC_C_LANGUAGE_STANDARD = gnu17;
				GCC_DYNAMIC_NO_PIC = NO;
				GCC_NO_COMMON_BLOCKS = YES;
				GCC_OPTIMIZATION_LEVEL = 0;
				GCC_PREPROCESSOR_DEFINITIONS = (
					"DEBUG=1",
					"$(inherited)",
				);
				GCC_WARN_64_TO_32_BIT_CONVERSION = YES;
				GCC_WARN_ABOUT_RETURN_TYPE = YES_ERROR;
				GCC_WARN_UNDECLARED_SELECTOR = YES;
				GCC_WARN_UNINITIALIZED_AUTOS = YES_AGGRESSIVE;
				GCC_WARN_UNUSED_FUNCTION = YES;
				GCC_WARN_UNUSED_VARIABLE = YES;
				IPHONEOS_DEPLOYMENT_TARGET = 17.5;
				LOCALIZATION_PREFERS_STRING_CATALOGS = YES;
				MTL_ENABLE_DEBUG_INFO = INCLUDE_SOURCE;
				MTL_FAST_MATH = YES;
				ONLY_ACTIVE_ARCH = YES;
				SDKROOT = iphoneos;
				SWIFT_ACTIVE_COMPILATION_CONDITIONS = "DEBUG $(inherited)";
				SWIFT_OPTIMIZATION_LEVEL = "-Onone";
			};
			name = Debug;
		};
		841278D52CB406D400C6296D /* Release */ = {
			isa = XCBuildConfiguration;
			buildSettings = {
				ALWAYS_SEARCH_USER_PATHS = NO;
				ASSETCATALOG_COMPILER_GENERATE_SWIFT_ASSET_SYMBOL_EXTENSIONS = YES;
				CLANG_ANALYZER_NONNULL = YES;
				CLANG_ANALYZER_NUMBER_OBJECT_CONVERSION = YES_AGGRESSIVE;
				CLANG_CXX_LANGUAGE_STANDARD = "gnu++20";
				CLANG_ENABLE_MODULES = YES;
				CLANG_ENABLE_OBJC_ARC = YES;
				CLANG_ENABLE_OBJC_WEAK = YES;
				CLANG_WARN_BLOCK_CAPTURE_AUTORELEASING = YES;
				CLANG_WARN_BOOL_CONVERSION = YES;
				CLANG_WARN_COMMA = YES;
				CLANG_WARN_CONSTANT_CONVERSION = YES;
				CLANG_WARN_DEPRECATED_OBJC_IMPLEMENTATIONS = YES;
				CLANG_WARN_DIRECT_OBJC_ISA_USAGE = YES_ERROR;
				CLANG_WARN_DOCUMENTATION_COMMENTS = YES;
				CLANG_WARN_EMPTY_BODY = YES;
				CLANG_WARN_ENUM_CONVERSION = YES;
				CLANG_WARN_INFINITE_RECURSION = YES;
				CLANG_WARN_INT_CONVERSION = YES;
				CLANG_WARN_NON_LITERAL_NULL_CONVERSION = YES;
				CLANG_WARN_OBJC_IMPLICIT_RETAIN_SELF = YES;
				CLANG_WARN_OBJC_LITERAL_CONVERSION = YES;
				CLANG_WARN_OBJC_ROOT_CLASS = YES_ERROR;
				CLANG_WARN_QUOTED_INCLUDE_IN_FRAMEWORK_HEADER = YES;
				CLANG_WARN_RANGE_LOOP_ANALYSIS = YES;
				CLANG_WARN_STRICT_PROTOTYPES = YES;
				CLANG_WARN_SUSPICIOUS_MOVE = YES;
				CLANG_WARN_UNGUARDED_AVAILABILITY = YES_AGGRESSIVE;
				CLANG_WARN_UNREACHABLE_CODE = YES;
				CLANG_WARN__DUPLICATE_METHOD_MATCH = YES;
				COPY_PHASE_STRIP = NO;
				DEBUG_INFORMATION_FORMAT = "dwarf-with-dsym";
				ENABLE_NS_ASSERTIONS = NO;
				ENABLE_STRICT_OBJC_MSGSEND = YES;
				ENABLE_USER_SCRIPT_SANDBOXING = YES;
				GCC_C_LANGUAGE_STANDARD = gnu17;
				GCC_NO_COMMON_BLOCKS = YES;
				GCC_WARN_64_TO_32_BIT_CONVERSION = YES;
				GCC_WARN_ABOUT_RETURN_TYPE = YES_ERROR;
				GCC_WARN_UNDECLARED_SELECTOR = YES;
				GCC_WARN_UNINITIALIZED_AUTOS = YES_AGGRESSIVE;
				GCC_WARN_UNUSED_FUNCTION = YES;
				GCC_WARN_UNUSED_VARIABLE = YES;
				IPHONEOS_DEPLOYMENT_TARGET = 17.5;
				LOCALIZATION_PREFERS_STRING_CATALOGS = YES;
				MTL_ENABLE_DEBUG_INFO = NO;
				MTL_FAST_MATH = YES;
				SDKROOT = iphoneos;
				SWIFT_COMPILATION_MODE = wholemodule;
				VALIDATE_PRODUCT = YES;
			};
			name = Release;
		};
		841278D72CB406D400C6296D /* Debug */ = {
			isa = XCBuildConfiguration;
			buildSettings = {
				ASSETCATALOG_COMPILER_APPICON_NAME = AppIcon;
				ASSETCATALOG_COMPILER_GLOBAL_ACCENT_COLOR_NAME = AccentColor;
				CODE_SIGN_STYLE = Automatic;
				CURRENT_PROJECT_VERSION = 1;
				GENERATE_INFOPLIST_FILE = YES;
				INFOPLIST_FILE = VK/Info.plist;
				INFOPLIST_KEY_UIApplicationSupportsIndirectInputEvents = YES;
				INFOPLIST_KEY_UILaunchStoryboardName = LaunchScreen;
				INFOPLIST_KEY_UIMainStoryboardFile = Main;
				INFOPLIST_KEY_UISupportedInterfaceOrientations_iPad = "UIInterfaceOrientationPortrait UIInterfaceOrientationPortraitUpsideDown UIInterfaceOrientationLandscapeLeft UIInterfaceOrientationLandscapeRight";
				INFOPLIST_KEY_UISupportedInterfaceOrientations_iPhone = "UIInterfaceOrientationPortrait UIInterfaceOrientationLandscapeLeft UIInterfaceOrientationLandscapeRight";
				IPHONEOS_DEPLOYMENT_TARGET = 16.0;
				LD_RUNPATH_SEARCH_PATHS = (
					"$(inherited)",
					"@executable_path/Frameworks",
				);
				MARKETING_VERSION = 1.0;
				PRODUCT_BUNDLE_IDENTIFIER = ru.swiftswift.VK;
				PRODUCT_NAME = "$(TARGET_NAME)";
				SWIFT_EMIT_LOC_STRINGS = YES;
				SWIFT_VERSION = 5.0;
				TARGETED_DEVICE_FAMILY = "1,2";
			};
			name = Debug;
		};
		841278D82CB406D400C6296D /* Release */ = {
			isa = XCBuildConfiguration;
			buildSettings = {
				ASSETCATALOG_COMPILER_APPICON_NAME = AppIcon;
				ASSETCATALOG_COMPILER_GLOBAL_ACCENT_COLOR_NAME = AccentColor;
				CODE_SIGN_STYLE = Automatic;
				CURRENT_PROJECT_VERSION = 1;
				GENERATE_INFOPLIST_FILE = YES;
				INFOPLIST_FILE = VK/Info.plist;
				INFOPLIST_KEY_UIApplicationSupportsIndirectInputEvents = YES;
				INFOPLIST_KEY_UILaunchStoryboardName = LaunchScreen;
				INFOPLIST_KEY_UIMainStoryboardFile = Main;
				INFOPLIST_KEY_UISupportedInterfaceOrientations_iPad = "UIInterfaceOrientationPortrait UIInterfaceOrientationPortraitUpsideDown UIInterfaceOrientationLandscapeLeft UIInterfaceOrientationLandscapeRight";
				INFOPLIST_KEY_UISupportedInterfaceOrientations_iPhone = "UIInterfaceOrientationPortrait UIInterfaceOrientationLandscapeLeft UIInterfaceOrientationLandscapeRight";
				IPHONEOS_DEPLOYMENT_TARGET = 16.0;
				LD_RUNPATH_SEARCH_PATHS = (
					"$(inherited)",
					"@executable_path/Frameworks",
				);
				MARKETING_VERSION = 1.0;
				PRODUCT_BUNDLE_IDENTIFIER = ru.swiftswift.VK;
				PRODUCT_NAME = "$(TARGET_NAME)";
				SWIFT_EMIT_LOC_STRINGS = YES;
				SWIFT_VERSION = 5.0;
				TARGETED_DEVICE_FAMILY = "1,2";
			};
			name = Release;
		};
/* End XCBuildConfiguration section */

/* Begin XCConfigurationList section */
		841278BD2CB406D300C6296D /* Build configuration list for PBXProject "VK" */ = {
			isa = XCConfigurationList;
			buildConfigurations = (
				841278D42CB406D400C6296D /* Debug */,
				841278D52CB406D400C6296D /* Release */,
			);
			defaultConfigurationIsVisible = 0;
			defaultConfigurationName = Release;
		};
		841278D62CB406D400C6296D /* Build configuration list for PBXNativeTarget "VK" */ = {
			isa = XCConfigurationList;
			buildConfigurations = (
				841278D72CB406D400C6296D /* Debug */,
				841278D82CB406D400C6296D /* Release */,
			);
			defaultConfigurationIsVisible = 0;
			defaultConfigurationName = Release;
		};
/* End XCConfigurationList section */
	};
	rootObject = 841278BA2CB406D300C6296D /* Project object */;
}
